github.com/Masterminds/semver/v3 v3.1.0 h1:Y2lUDsFKVRSYGojLJ1yLxSXdMmMYTYls0rCvoqmMUQk=
github.com/Masterminds/semver/v3 v3.1.0/go.mod h1:VPu/7SZ7ePZ3QOrcuXROw5FAcLl4a0cBrbBpGY/8hQs=
github.com/pkg/errors v0.9.1 h1:FEBLx1zS214owpjy7qsBeixbURkuhQAwrK5UwLGTwt4=
github.com/pkg/errors v0.9.1/go.mod h1:bwawxfHBFNV+L2hUp1rHADufV3IMtnDRdf1r5NINEl0=
github.com/sourcegraph/sourcegraph/dev/ci/images v0.0.0-20231101211343-d046aeda10e4 h1:Mi4SkXsHkJBGrzbrarAU0gCT/GpwP4OnAVrqynAUjoQ=
github.com/sourcegraph/sourcegraph/dev/ci/images v0.0.0-20231101211343-d046aeda10e4/go.mod h1:HpOGaRM0iHPNrEQvpB4/3E9dAUjutyhgjg9vrOOeXPY=
github.com/sourcegraph/update-docker-tags v0.10.0 h1:KpY1HtvSt0FzDM/sR0jQF5StNbiPKpqmHhE0jpBEa0A=
github.com/sourcegraph/update-docker-tags v0.10.0/go.mod h1:lCDsoUnk/ASDbm7UxE7tU3qAUhQxA7xykELHXcLeKFM=
