github.com/Masterminds/semver v1.5.0 h1:H65muMkzWKEuNDnfl9d70GUjFniHKHRbFPGBuZ3QEww=
github.com/Masterminds/semver v1.5.0/go.mod h1:MB6lktGJrhw8PrUyiEoblNEGEQ+RzHPF078ddwwvV3Y=
github.com/pkg/errors v0.9.1 h1:FEBLx1zS214owpjy7qsBeixbURkuhQAwrK5UwLGTwt4=
github.com/pkg/errors v0.9.1/go.mod h1:bwawxfHBFNV+L2hUp1rHADufV3IMtnDRdf1r5NINEl0=
github.com/slimsag/update-docker-tags v0.7.0 h1:43SSOii74DpuQ3HK+AxHeE54tTFiUEz1xOsiI8hwymQ=
github.com/slimsag/update-docker-tags v0.7.0/go.mod h1:T42NkUDP2MrfiSj3NT4JI27g/ksCngfCiY1goUQdIh0=
github.com/sourcegraph/sourcegraph/enterprise/dev/ci/images v0.0.0-20201129044102-91280e756de5/go.mod h1:RrAuT1kEkrErj2fmr4f3pPDoBF0ruFBhOSC1yORlv24=
github.com/sourcegraph/sourcegraph/enterprise/dev/ci/images v0.0.0-20201201090328-3a2078e373f0 h1:TUc11bYIC0asZE0EAA+6ZR93kuJHezVHXNYRcLMmzzU=
github.com/sourcegraph/sourcegraph/enterprise/dev/ci/images v0.0.0-20201201090328-3a2078e373f0/go.mod h1:RrAuT1kEkrErj2fmr4f3pPDoBF0ruFBhOSC1yORlv24=
github.com/sourcegraph/sourcegraph/enterprise/dev/ci/images v0.0.0-20201220021356-213efca6309f h1:A/m+vtjMkb5fl4tlhxCfzzh/odj0IEDvCCniE68xdIY=
github.com/sourcegraph/sourcegraph/enterprise/dev/ci/images v0.0.0-20201220021356-213efca6309f/go.mod h1:RrAuT1kEkrErj2fmr4f3pPDoBF0ruFBhOSC1yORlv24=
github.com/sourcegraph/sourcegraph/enterprise/dev/ci/images v0.0.0-20201220071138-f06ad373e4fd h1:9IF8SKnXQn6x9OoW9PxRD9dp57HEkF0BKKc6cQ8tFGI=
github.com/sourcegraph/sourcegraph/enterprise/dev/ci/images v0.0.0-20201220071138-f06ad373e4fd/go.mod h1:RrAuT1kEkrErj2fmr4f3pPDoBF0ruFBhOSC1yORlv24=
github.com/sourcegraph/sourcegraph/enterprise/dev/ci/images v0.0.0-20201221105820-fe3a09a38e39 h1:c8uf2fq4P6dXRmAVGNEkZSLNjPOf1Yqw83nJlEHWnc8=
github.com/sourcegraph/sourcegraph/enterprise/dev/ci/images v0.0.0-20201221105820-fe3a09a38e39/go.mod h1:RrAuT1kEkrErj2fmr4f3pPDoBF0ruFBhOSC1yORlv24=
github.com/sourcegraph/sourcegraph/enterprise/dev/ci/images v0.0.0-20201221205149-e41047c3b830 h1:Dh15Dq4iCgwYloQiQtvcE1vQv2+SB2S+8uqihznHqUc=
github.com/sourcegraph/sourcegraph/enterprise/dev/ci/images v0.0.0-20201221205149-e41047c3b830/go.mod h1:RrAuT1kEkrErj2fmr4f3pPDoBF0ruFBhOSC1yORlv24=
github.com/sourcegraph/sourcegraph/enterprise/dev/ci/images v0.0.0-20201222120026-610782fd3bef h1:VvvhJRqgq/47NkcMxJGEjCvC42YmlStH3O+EurV9kiw=
github.com/sourcegraph/sourcegraph/enterprise/dev/ci/images v0.0.0-20201222120026-610782fd3bef/go.mod h1:RrAuT1kEkrErj2fmr4f3pPDoBF0ruFBhOSC1yORlv24=
github.com/sourcegraph/sourcegraph/enterprise/dev/ci/images v0.0.0-20210101185738-ea59d30ed142 h1:0DUqhNhbj02HUtmlIVFkOhNjohyaZVqhtM4zT6BPoVI=
github.com/sourcegraph/sourcegraph/enterprise/dev/ci/images v0.0.0-20210101185738-ea59d30ed142/go.mod h1:RrAuT1kEkrErj2fmr4f3pPDoBF0ruFBhOSC1yORlv24=
github.com/sourcegraph/sourcegraph/enterprise/dev/ci/images v0.0.0-20210106140857-566a5c196c9a h1:doUxgfXJu/KABeosGgGEjW+hiMesGGM4Zg0csRSblvE=
github.com/sourcegraph/sourcegraph/enterprise/dev/ci/images v0.0.0-20210106140857-566a5c196c9a/go.mod h1:RrAuT1kEkrErj2fmr4f3pPDoBF0ruFBhOSC1yORlv24=
github.com/sourcegraph/sourcegraph/enterprise/dev/ci/images v0.0.0-20210107010419-c5ca4482acad h1:tMIUinmUAHpBVGvIEQGEwUjGRZ7j2uTIGTNG7bhUbzY=
github.com/sourcegraph/sourcegraph/enterprise/dev/ci/images v0.0.0-20210107010419-c5ca4482acad/go.mod h1:RrAuT1kEkrErj2fmr4f3pPDoBF0ruFBhOSC1yORlv24=
github.com/sourcegraph/sourcegraph/enterprise/dev/ci/images v0.0.0-20210107022849-422c73588663 h1:rZOcX838xsU+grqiaB3vHfgKd3PlbViwTDeY1i07ZX4=
github.com/sourcegraph/sourcegraph/enterprise/dev/ci/images v0.0.0-20210107022849-422c73588663/go.mod h1:RrAuT1kEkrErj2fmr4f3pPDoBF0ruFBhOSC1yORlv24=
github.com/sourcegraph/sourcegraph/enterprise/dev/ci/images v0.0.0-20210108082611-49e14ab5cc1a h1:ZM1d+luITeK57lS7gTXNup5/vaVVGCQALsfsobsrO80=
github.com/sourcegraph/sourcegraph/enterprise/dev/ci/images v0.0.0-20210108082611-49e14ab5cc1a/go.mod h1:RrAuT1kEkrErj2fmr4f3pPDoBF0ruFBhOSC1yORlv24=
github.com/sourcegraph/sourcegraph/enterprise/dev/ci/images v0.0.0-20210109151313-62349388069f h1:1UMDifVzCqJuAN9g5CmaS0OYs5SmuDfnpkNedAcnGu8=
github.com/sourcegraph/sourcegraph/enterprise/dev/ci/images v0.0.0-20210109151313-62349388069f/go.mod h1:RrAuT1kEkrErj2fmr4f3pPDoBF0ruFBhOSC1yORlv24=
github.com/sourcegraph/sourcegraph/enterprise/dev/ci/images v0.0.0-20210110115656-14b910f2ecd0 h1:osGYlRuMWeRzMpg3z1OZXtztukgBUW7bxUU/fgKKZgo=
github.com/sourcegraph/sourcegraph/enterprise/dev/ci/images v0.0.0-20210110115656-14b910f2ecd0/go.mod h1:RrAuT1kEkrErj2fmr4f3pPDoBF0ruFBhOSC1yORlv24=
github.com/sourcegraph/sourcegraph/enterprise/dev/ci/images v0.0.0-20210112161418-de2a805a5565 h1:9vKYeNzEnPMlQmq2pjn/PhYeuZ43hlS8O7t8ggZ5Mg4=
github.com/sourcegraph/sourcegraph/enterprise/dev/ci/images v0.0.0-20210112161418-de2a805a5565/go.mod h1:RrAuT1kEkrErj2fmr4f3pPDoBF0ruFBhOSC1yORlv24=
github.com/sourcegraph/sourcegraph/enterprise/dev/ci/images v0.0.0-20210112200255-6a03b93591a2 h1:bqHzZ34P+YpjEX3wf0fHoCb1S7/WQufX5zf0KdSQg1g=
github.com/sourcegraph/sourcegraph/enterprise/dev/ci/images v0.0.0-20210112200255-6a03b93591a2/go.mod h1:RrAuT1kEkrErj2fmr4f3pPDoBF0ruFBhOSC1yORlv24=
github.com/sourcegraph/sourcegraph/enterprise/dev/ci/images v0.0.0-20210113154941-7bbe92a765eb h1:TxaUI2Adelmb+UNGqguX/poG0oKFdw5wu79uP8T9d+0=
github.com/sourcegraph/sourcegraph/enterprise/dev/ci/images v0.0.0-20210113154941-7bbe92a765eb/go.mod h1:RrAuT1kEkrErj2fmr4f3pPDoBF0ruFBhOSC1yORlv24=
github.com/sourcegraph/sourcegraph/enterprise/dev/ci/images v0.0.0-20210114204809-20a736083d30 h1:4EC/VRtcu6I/S3nu3FaE4Kc1IEVmKckkWg2n6YSK9ew=
github.com/sourcegraph/sourcegraph/enterprise/dev/ci/images v0.0.0-20210114204809-20a736083d30/go.mod h1:RrAuT1kEkrErj2fmr4f3pPDoBF0ruFBhOSC1yORlv24=
github.com/sourcegraph/sourcegraph/enterprise/dev/ci/images v0.0.0-20210118195655-143cd5f2c977 h1:hWIGFFQYR3fCOfEZ2dc5NYJctMDnFd1bg4QVUSl83r4=
github.com/sourcegraph/sourcegraph/enterprise/dev/ci/images v0.0.0-20210118195655-143cd5f2c977/go.mod h1:RrAuT1kEkrErj2fmr4f3pPDoBF0ruFBhOSC1yORlv24=
github.com/sourcegraph/sourcegraph/enterprise/dev/ci/images v0.0.0-20210119013540-824c2f9acf44 h1:VvI0z8u5c5Nz2SH59wr5zMHbCYid4Rt/mGpYDyTzKHQ=
github.com/sourcegraph/sourcegraph/enterprise/dev/ci/images v0.0.0-20210119013540-824c2f9acf44/go.mod h1:RrAuT1kEkrErj2fmr4f3pPDoBF0ruFBhOSC1yORlv24=
github.com/sourcegraph/sourcegraph/enterprise/dev/ci/images v0.0.0-20210119045657-45732788f7bf h1:gSbz2eHfDkWNVjE1F0K/7oGHrrPpCHWuINLiz152Zmk=
github.com/sourcegraph/sourcegraph/enterprise/dev/ci/images v0.0.0-20210119045657-45732788f7bf/go.mod h1:RrAuT1kEkrErj2fmr4f3pPDoBF0ruFBhOSC1yORlv24=
github.com/sourcegraph/sourcegraph/enterprise/dev/ci/images v0.0.0-20210119161711-aae20dc36cbf h1:CNXzBWdOpxvmsH5TbPOO5KjKd6WjusjyesoKjgUOD6c=
github.com/sourcegraph/sourcegraph/enterprise/dev/ci/images v0.0.0-20210119161711-aae20dc36cbf/go.mod h1:RrAuT1kEkrErj2fmr4f3pPDoBF0ruFBhOSC1yORlv24=
github.com/sourcegraph/sourcegraph/enterprise/dev/ci/images v0.0.0-20210120202443-1ab45423d858 h1:YMWfBdaY37o+DW7jNovL//VQf0dIkDim7RS+HOLS4TE=
github.com/sourcegraph/sourcegraph/enterprise/dev/ci/images v0.0.0-20210120202443-1ab45423d858/go.mod h1:RrAuT1kEkrErj2fmr4f3pPDoBF0ruFBhOSC1yORlv24=
github.com/sourcegraph/sourcegraph/enterprise/dev/ci/images v0.0.0-20210120230457-1261918fbc03 h1:lqoAS7Q5hqaJiUSdoi2NjksmdjC5CBRWSluTJy04U8k=
github.com/sourcegraph/sourcegraph/enterprise/dev/ci/images v0.0.0-20210120230457-1261918fbc03/go.mod h1:RrAuT1kEkrErj2fmr4f3pPDoBF0ruFBhOSC1yORlv24=
github.com/sourcegraph/sourcegraph/enterprise/dev/ci/images v0.0.0-20210122140010-36e4e5a79808 h1:Y5CPD/JI8mIRCwVcin3N/p7HchDjb7/L8ZmwUE0Oq9k=
github.com/sourcegraph/sourcegraph/enterprise/dev/ci/images v0.0.0-20210122140010-36e4e5a79808/go.mod h1:RrAuT1kEkrErj2fmr4f3pPDoBF0ruFBhOSC1yORlv24=
github.com/sourcegraph/sourcegraph/enterprise/dev/ci/images v0.0.0-20210122224041-3ee76ae876a8 h1:Y/2EPEdPlsUm7h88s76wo1IW7t4WYbbZcr4VU063QLc=
github.com/sourcegraph/sourcegraph/enterprise/dev/ci/images v0.0.0-20210122224041-3ee76ae876a8/go.mod h1:RrAuT1kEkrErj2fmr4f3pPDoBF0ruFBhOSC1yORlv24=
github.com/sourcegraph/sourcegraph/enterprise/dev/ci/images v0.0.0-20210123022610-0da5e7f43c62 h1:k0QNQqSHU+QIDIfI8DP08pEekHs0RRzIxHN/721RZ6s=
github.com/sourcegraph/sourcegraph/enterprise/dev/ci/images v0.0.0-20210123022610-0da5e7f43c62/go.mod h1:RrAuT1kEkrErj2fmr4f3pPDoBF0ruFBhOSC1yORlv24=
github.com/sourcegraph/sourcegraph/enterprise/dev/ci/images v0.0.0-20210125141929-14ced3a79a5a h1:dGY7HKq0NEQMB/+GY1na/bFfPUkpO2e+MzpVbdzG4qs=
github.com/sourcegraph/sourcegraph/enterprise/dev/ci/images v0.0.0-20210125141929-14ced3a79a5a/go.mod h1:RrAuT1kEkrErj2fmr4f3pPDoBF0ruFBhOSC1yORlv24=
github.com/sourcegraph/sourcegraph/enterprise/dev/ci/images v0.0.0-20210126133759-31eca2a6084b h1:lqs1hFwzyvS5KdMPGISGT24Y3dTAXiyD6oHG6BNkSV0=
github.com/sourcegraph/sourcegraph/enterprise/dev/ci/images v0.0.0-20210126133759-31eca2a6084b/go.mod h1:RrAuT1kEkrErj2fmr4f3pPDoBF0ruFBhOSC1yORlv24=
github.com/sourcegraph/sourcegraph/enterprise/dev/ci/images v0.0.0-20210128035302-0bce4b8292ff h1:P6ZYtLrDCRjF0LHdBpCFHR5KtlFjH2F6m1dYECGxBXY=
github.com/sourcegraph/sourcegraph/enterprise/dev/ci/images v0.0.0-20210128035302-0bce4b8292ff/go.mod h1:RrAuT1kEkrErj2fmr4f3pPDoBF0ruFBhOSC1yORlv24=
github.com/sourcegraph/sourcegraph/enterprise/dev/ci/images v0.0.0-20210128085316-8a35e07106b0 h1:PcMMx80tpVP2NQWLxKjsPB/p5hpaBbTicWFbcrSLSoM=
github.com/sourcegraph/sourcegraph/enterprise/dev/ci/images v0.0.0-20210128085316-8a35e07106b0/go.mod h1:RrAuT1kEkrErj2fmr4f3pPDoBF0ruFBhOSC1yORlv24=
github.com/sourcegraph/sourcegraph/enterprise/dev/ci/images v0.0.0-20210128200635-7f2f22194e2a h1:eV8Xa4tG+ADhakzUCHPadE0RPzwzNBQFqcoIXtq4hgs=
github.com/sourcegraph/sourcegraph/enterprise/dev/ci/images v0.0.0-20210128200635-7f2f22194e2a/go.mod h1:RrAuT1kEkrErj2fmr4f3pPDoBF0ruFBhOSC1yORlv24=
github.com/sourcegraph/sourcegraph/enterprise/dev/ci/images v0.0.0-20210129052149-3d3ea25bc3bb h1:Uxk3fNEvWrtJbdYaeem1hXR16nFPY1RJ9JZ53sN5WCk=
github.com/sourcegraph/sourcegraph/enterprise/dev/ci/images v0.0.0-20210129052149-3d3ea25bc3bb/go.mod h1:RrAuT1kEkrErj2fmr4f3pPDoBF0ruFBhOSC1yORlv24=
github.com/sourcegraph/sourcegraph/enterprise/dev/ci/images v0.0.0-20210129104358-92d282d59bb3 h1:SXDYlroj8Lr/0jpk91mM7+hVvuDrpMQfFSlQ6fcGvsQ=
github.com/sourcegraph/sourcegraph/enterprise/dev/ci/images v0.0.0-20210129104358-92d282d59bb3/go.mod h1:RrAuT1kEkrErj2fmr4f3pPDoBF0ruFBhOSC1yORlv24=
github.com/sourcegraph/sourcegraph/enterprise/dev/ci/images v0.0.0-20210129160747-4e3e5a777a3c h1:fTXTf7D2Osc25CTcRnO8yE84yMvZ/Cwk1FKJFYyYgME=
github.com/sourcegraph/sourcegraph/enterprise/dev/ci/images v0.0.0-20210129160747-4e3e5a777a3c/go.mod h1:RrAuT1kEkrErj2fmr4f3pPDoBF0ruFBhOSC1yORlv24=
github.com/sourcegraph/sourcegraph/enterprise/dev/ci/images v0.0.0-20210129180138-9bfa3a7b69d3 h1:VYCTC6i+SHElEvBYAU8tr0/1lw0MO+Kpq495Ij0YbBc=
github.com/sourcegraph/sourcegraph/enterprise/dev/ci/images v0.0.0-20210129180138-9bfa3a7b69d3/go.mod h1:RrAuT1kEkrErj2fmr4f3pPDoBF0ruFBhOSC1yORlv24=
github.com/sourcegraph/sourcegraph/enterprise/dev/ci/images v0.0.0-20210201095510-415fc91037d6 h1:+iJnhcFMT8iSNoohDjNq8cfFRhPCZO4UlH/9IPyqkCk=
github.com/sourcegraph/sourcegraph/enterprise/dev/ci/images v0.0.0-20210201095510-415fc91037d6/go.mod h1:RrAuT1kEkrErj2fmr4f3pPDoBF0ruFBhOSC1yORlv24=
github.com/sourcegraph/sourcegraph/enterprise/dev/ci/images v0.0.0-20210201181756-7fae0223b182 h1:Gxx2Pbx5STp4zvGyb/3/BhMG+2lpvGjxbeE401Jf1wE=
github.com/sourcegraph/sourcegraph/enterprise/dev/ci/images v0.0.0-20210201181756-7fae0223b182/go.mod h1:RrAuT1kEkrErj2fmr4f3pPDoBF0ruFBhOSC1yORlv24=
github.com/sourcegraph/sourcegraph/enterprise/dev/ci/images v0.0.0-20210202011317-83c3fb039ade h1:U9bLWy6uh5PPzg8iXgDsvD/+CU1E0ZEQBgH/UY5Qu5g=
github.com/sourcegraph/sourcegraph/enterprise/dev/ci/images v0.0.0-20210202011317-83c3fb039ade/go.mod h1:RrAuT1kEkrErj2fmr4f3pPDoBF0ruFBhOSC1yORlv24=
github.com/sourcegraph/sourcegraph/enterprise/dev/ci/images v0.0.0-20210202112947-b5a92056ae81 h1:HaYM7WyjC3cKGsOI+iVbNljgQwk95La7SUZ2lqhqRqs=
github.com/sourcegraph/sourcegraph/enterprise/dev/ci/images v0.0.0-20210202112947-b5a92056ae81/go.mod h1:RrAuT1kEkrErj2fmr4f3pPDoBF0ruFBhOSC1yORlv24=
github.com/sourcegraph/sourcegraph/enterprise/dev/ci/images v0.0.0-20210202162331-8f788aaa04dc h1:w6wTPbpZPEWbV8XZJb8s9y7PwessW+frLTwPpphP0wM=
github.com/sourcegraph/sourcegraph/enterprise/dev/ci/images v0.0.0-20210202162331-8f788aaa04dc/go.mod h1:RrAuT1kEkrErj2fmr4f3pPDoBF0ruFBhOSC1yORlv24=
github.com/sourcegraph/sourcegraph/enterprise/dev/ci/images v0.0.0-20210202222519-a65a3cefb3f0 h1:Q6A+8K5PEO2vgD+p+vbTTc1nKP0cwBtCDkreBtbw6zY=
github.com/sourcegraph/sourcegraph/enterprise/dev/ci/images v0.0.0-20210202222519-a65a3cefb3f0/go.mod h1:RrAuT1kEkrErj2fmr4f3pPDoBF0ruFBhOSC1yORlv24=
github.com/sourcegraph/sourcegraph/enterprise/dev/ci/images v0.0.0-20210203085109-160f0250f8cf h1:sEFvPzzqUhGCsj0xF0CeR6EtO3b98BzOYQdvOCTnbc4=
github.com/sourcegraph/sourcegraph/enterprise/dev/ci/images v0.0.0-20210203085109-160f0250f8cf/go.mod h1:RrAuT1kEkrErj2fmr4f3pPDoBF0ruFBhOSC1yORlv24=
github.com/sourcegraph/sourcegraph/enterprise/dev/ci/images v0.0.0-20210203204726-3a4fc7e1c3d3 h1:MGzlQJiENAPYspALiZl0GwDEJ4Tsb+lB0rZ0FQtUSHQ=
github.com/sourcegraph/sourcegraph/enterprise/dev/ci/images v0.0.0-20210203204726-3a4fc7e1c3d3/go.mod h1:RrAuT1kEkrErj2fmr4f3pPDoBF0ruFBhOSC1yORlv24=
github.com/sourcegraph/sourcegraph/enterprise/dev/ci/images v0.0.0-20210204102902-8674a4b3d953 h1:Q5B7282LRbqNNoHGnhILTpo74QVTlGuY+MMwCkQK5MI=
github.com/sourcegraph/sourcegraph/enterprise/dev/ci/images v0.0.0-20210204102902-8674a4b3d953/go.mod h1:RrAuT1kEkrErj2fmr4f3pPDoBF0ruFBhOSC1yORlv24=
github.com/sourcegraph/sourcegraph/enterprise/dev/ci/images v0.0.0-20210204180330-e95e853c19d8 h1:5GMtgDdr5ojL7zJrDNqOanv3zwOysHiYkk74St0ZWXA=
github.com/sourcegraph/sourcegraph/enterprise/dev/ci/images v0.0.0-20210204180330-e95e853c19d8/go.mod h1:RrAuT1kEkrErj2fmr4f3pPDoBF0ruFBhOSC1yORlv24=
github.com/sourcegraph/sourcegraph/enterprise/dev/ci/images v0.0.0-20210205082800-3451da6a1161 h1:DwPNmPzJCG5lpiQPb1ZC9+qIvHO5dbunNE6vuTE9ag8=
github.com/sourcegraph/sourcegraph/enterprise/dev/ci/images v0.0.0-20210205082800-3451da6a1161/go.mod h1:RrAuT1kEkrErj2fmr4f3pPDoBF0ruFBhOSC1yORlv24=
github.com/sourcegraph/sourcegraph/enterprise/dev/ci/images v0.0.0-20210220004430-d879819a1357 h1:G03Xr38YQJRa8M44Y52Q8lFUyf2qTg5Cpu/npPswJfE=
github.com/sourcegraph/sourcegraph/enterprise/dev/ci/images v0.0.0-20210220004430-d879819a1357/go.mod h1:RrAuT1kEkrErj2fmr4f3pPDoBF0ruFBhOSC1yORlv24=
github.com/sourcegraph/sourcegraph/enterprise/dev/ci/images v0.0.0-20210223042107-4484ebc42ee7 h1:2YBqZ4q/u1FEXnTEwdwPqgOTVSR85kFVwT466x/4doY=
github.com/sourcegraph/sourcegraph/enterprise/dev/ci/images v0.0.0-20210223042107-4484ebc42ee7/go.mod h1:RrAuT1kEkrErj2fmr4f3pPDoBF0ruFBhOSC1yORlv24=
github.com/sourcegraph/sourcegraph/enterprise/dev/ci/images v0.0.0-20210223182338-8cf570316fd9 h1:nYhlytTImMn0PQhDn3t5CU0Bg/zmVEbfV+P2IPH/e6I=
github.com/sourcegraph/sourcegraph/enterprise/dev/ci/images v0.0.0-20210223182338-8cf570316fd9/go.mod h1:RrAuT1kEkrErj2fmr4f3pPDoBF0ruFBhOSC1yORlv24=
github.com/sourcegraph/sourcegraph/enterprise/dev/ci/images v0.0.0-20210223210515-7e2ff0530353 h1:CStjCrlDz5FIRlghLbXBK9NQs5VVLFDqZYtvFvCUpM0=
github.com/sourcegraph/sourcegraph/enterprise/dev/ci/images v0.0.0-20210223210515-7e2ff0530353/go.mod h1:RrAuT1kEkrErj2fmr4f3pPDoBF0ruFBhOSC1yORlv24=
github.com/sourcegraph/sourcegraph/enterprise/dev/ci/images v0.0.0-20210227094259-6176e490d9ca h1:SAR64Goavv1fSflvUfCratMZB+7YL56irQNT3cS4mRY=
github.com/sourcegraph/sourcegraph/enterprise/dev/ci/images v0.0.0-20210227094259-6176e490d9ca/go.mod h1:RrAuT1kEkrErj2fmr4f3pPDoBF0ruFBhOSC1yORlv24=
github.com/sourcegraph/sourcegraph/enterprise/dev/ci/images v0.0.0-20210301160312-f9c56dcda7a0 h1:+DDGFElVftDu8MlBISRW5UYus8sEgNOE45yMykJLIWo=
github.com/sourcegraph/sourcegraph/enterprise/dev/ci/images v0.0.0-20210301160312-f9c56dcda7a0/go.mod h1:RrAuT1kEkrErj2fmr4f3pPDoBF0ruFBhOSC1yORlv24=
github.com/sourcegraph/sourcegraph/enterprise/dev/ci/images v0.0.0-20210302015224-e4d8837f07ab h1:8gY8syvKUKI3Br0pS2yrwyjNjbnJibm833IoCWznqAg=
github.com/sourcegraph/sourcegraph/enterprise/dev/ci/images v0.0.0-20210302015224-e4d8837f07ab/go.mod h1:RrAuT1kEkrErj2fmr4f3pPDoBF0ruFBhOSC1yORlv24=
github.com/sourcegraph/sourcegraph/enterprise/dev/ci/images v0.0.0-20210302161640-2205295f2c0c h1:7nhFcuVCOPk6ussjRSfsaxAZZj09+RmTZECt9yFrYus=
github.com/sourcegraph/sourcegraph/enterprise/dev/ci/images v0.0.0-20210302161640-2205295f2c0c/go.mod h1:RrAuT1kEkrErj2fmr4f3pPDoBF0ruFBhOSC1yORlv24=
github.com/sourcegraph/sourcegraph/enterprise/dev/ci/images v0.0.0-20210302201114-e8eea9cbb2d8 h1:RkM1t/tuAXZ4Hzh8jN2Wbn/cUH++QxUnbD2iE69/3oI=
github.com/sourcegraph/sourcegraph/enterprise/dev/ci/images v0.0.0-20210302201114-e8eea9cbb2d8/go.mod h1:RrAuT1kEkrErj2fmr4f3pPDoBF0ruFBhOSC1yORlv24=
github.com/sourcegraph/sourcegraph/enterprise/dev/ci/images v0.0.0-20210303012916-3fc8d246d005 h1:2r5OgvD9xztKqkDhZC18gVOUQ4TWz/+UZZOncYCohTg=
github.com/sourcegraph/sourcegraph/enterprise/dev/ci/images v0.0.0-20210303012916-3fc8d246d005/go.mod h1:RrAuT1kEkrErj2fmr4f3pPDoBF0ruFBhOSC1yORlv24=
github.com/sourcegraph/sourcegraph/enterprise/dev/ci/images v0.0.0-20210303174950-e2736fe6c40e h1:DsqW/M7iDZG8g2xErt0VF47H/oyXaDpvKC6c9OtC+XI=
github.com/sourcegraph/sourcegraph/enterprise/dev/ci/images v0.0.0-20210303174950-e2736fe6c40e/go.mod h1:RrAuT1kEkrErj2fmr4f3pPDoBF0ruFBhOSC1yORlv24=
github.com/sourcegraph/sourcegraph/enterprise/dev/ci/images v0.0.0-20210304015650-3e5cf443b087 h1:GoTW0cMa9S5Su8ijP2BOlo7UPWhL7PA9J4FKQvGFRTE=
github.com/sourcegraph/sourcegraph/enterprise/dev/ci/images v0.0.0-20210304015650-3e5cf443b087/go.mod h1:RrAuT1kEkrErj2fmr4f3pPDoBF0ruFBhOSC1yORlv24=
github.com/sourcegraph/sourcegraph/enterprise/dev/ci/images v0.0.0-20210304100544-bb2fcfe81d79 h1:XFWjUXpcAKWxAW/H6dDw8xAIuPBHORMePY0pHJhJFfc=
github.com/sourcegraph/sourcegraph/enterprise/dev/ci/images v0.0.0-20210304100544-bb2fcfe81d79/go.mod h1:RrAuT1kEkrErj2fmr4f3pPDoBF0ruFBhOSC1yORlv24=
github.com/sourcegraph/sourcegraph/enterprise/dev/ci/images v0.0.0-20210305085817-56ca6b8874ed h1:tOSRWUFR4SnB6DhjtWFfKxbrof7FohTEN54FS0EhvtY=
github.com/sourcegraph/sourcegraph/enterprise/dev/ci/images v0.0.0-20210305085817-56ca6b8874ed/go.mod h1:RrAuT1kEkrErj2fmr4f3pPDoBF0ruFBhOSC1yORlv24=
github.com/sourcegraph/sourcegraph/enterprise/dev/ci/images v0.0.0-20210305110034-5f797e041b2f h1:cqdRl7pZUiV8/x88jVF6A9oQnXs++y0eOY5Mvj2vUiU=
github.com/sourcegraph/sourcegraph/enterprise/dev/ci/images v0.0.0-20210305110034-5f797e041b2f/go.mod h1:RrAuT1kEkrErj2fmr4f3pPDoBF0ruFBhOSC1yORlv24=
github.com/sourcegraph/sourcegraph/enterprise/dev/ci/images v0.0.0-20210305145044-0a2f75708507 h1:EaTD7Mdyuv3wbW/Kh7i4/MCUKOjiW35A6O3E5mFyK6E=
github.com/sourcegraph/sourcegraph/enterprise/dev/ci/images v0.0.0-20210305145044-0a2f75708507/go.mod h1:RrAuT1kEkrErj2fmr4f3pPDoBF0ruFBhOSC1yORlv24=
github.com/sourcegraph/sourcegraph/enterprise/dev/ci/images v0.0.0-20210306025243-dafd5cd8eb0e h1:WQL2bhGhk2HwCvqQbMrQOEbcTbgUCuX5/rGDshMqVy8=
github.com/sourcegraph/sourcegraph/enterprise/dev/ci/images v0.0.0-20210306025243-dafd5cd8eb0e/go.mod h1:RrAuT1kEkrErj2fmr4f3pPDoBF0ruFBhOSC1yORlv24=
github.com/sourcegraph/sourcegraph/enterprise/dev/ci/images v0.0.0-20210306174404-f134e4efb416 h1:iU5dQKA7P8G0PULrAmJhHx58I8CPGEJCBefTqVlK1cQ=
github.com/sourcegraph/sourcegraph/enterprise/dev/ci/images v0.0.0-20210306174404-f134e4efb416/go.mod h1:RrAuT1kEkrErj2fmr4f3pPDoBF0ruFBhOSC1yORlv24=
github.com/sourcegraph/sourcegraph/enterprise/dev/ci/images v0.0.0-20210309023736-93dd5c1ebbf6 h1:i+qJkv2z+bleK2Om6XMsOrQfz4TnSOt8y6vKgtaj4p8=
github.com/sourcegraph/sourcegraph/enterprise/dev/ci/images v0.0.0-20210309023736-93dd5c1ebbf6/go.mod h1:RrAuT1kEkrErj2fmr4f3pPDoBF0ruFBhOSC1yORlv24=
github.com/sourcegraph/sourcegraph/enterprise/dev/ci/images v0.0.0-20210310013817-92b79641d2c4 h1:LbkXLJju4Otp+vfUaNg09dJur0/8wiXl8dtmPyV/txA=
github.com/sourcegraph/sourcegraph/enterprise/dev/ci/images v0.0.0-20210310013817-92b79641d2c4/go.mod h1:RrAuT1kEkrErj2fmr4f3pPDoBF0ruFBhOSC1yORlv24=
github.com/sourcegraph/sourcegraph/enterprise/dev/ci/images v0.0.0-20210311014133-12bf303aa0e0 h1:JCdSEI6buzUMTA5IOMtbfSDet/8VZEPcw3+QoFWwhhw=
github.com/sourcegraph/sourcegraph/enterprise/dev/ci/images v0.0.0-20210311014133-12bf303aa0e0/go.mod h1:RrAuT1kEkrErj2fmr4f3pPDoBF0ruFBhOSC1yORlv24=
github.com/sourcegraph/sourcegraph/enterprise/dev/ci/images v0.0.0-20210311183318-210607b92007 h1:Z/yqPMiPAFUJgritVKlHxdC9S4I6vKfoVBF6jsYrcAo=
github.com/sourcegraph/sourcegraph/enterprise/dev/ci/images v0.0.0-20210311183318-210607b92007/go.mod h1:RrAuT1kEkrErj2fmr4f3pPDoBF0ruFBhOSC1yORlv24=
github.com/sourcegraph/sourcegraph/enterprise/dev/ci/images v0.0.0-20210312004335-4dae89dd19bc h1:3iNzmSx1ualm4XtsLGQlsTUAE9qYhh4Y3QJkkyQRolc=
github.com/sourcegraph/sourcegraph/enterprise/dev/ci/images v0.0.0-20210312004335-4dae89dd19bc/go.mod h1:RrAuT1kEkrErj2fmr4f3pPDoBF0ruFBhOSC1yORlv24=
github.com/sourcegraph/sourcegraph/enterprise/dev/ci/images v0.0.0-20210313002104-ab3573ae8832 h1:iM1YOQDVH1Zz2YJZozFrMHtK3oe55+FINY29qrlpeWA=
github.com/sourcegraph/sourcegraph/enterprise/dev/ci/images v0.0.0-20210313002104-ab3573ae8832/go.mod h1:RrAuT1kEkrErj2fmr4f3pPDoBF0ruFBhOSC1yORlv24=
github.com/sourcegraph/sourcegraph/enterprise/dev/ci/images v0.0.0-20210313051509-ce788b5d049f h1:AQ7M2wglO9uOZ8BsY+Qc1mDs/oy5fAYtC/AW0JNyXvM=
github.com/sourcegraph/sourcegraph/enterprise/dev/ci/images v0.0.0-20210313051509-ce788b5d049f/go.mod h1:RrAuT1kEkrErj2fmr4f3pPDoBF0ruFBhOSC1yORlv24=
github.com/sourcegraph/sourcegraph/enterprise/dev/ci/images v0.0.0-20210313132314-cf06c1d1292c h1:VU0o1MbI7Ha47y0/oBNWikJG7Qubb/xTqLyULJUGkjk=
github.com/sourcegraph/sourcegraph/enterprise/dev/ci/images v0.0.0-20210313132314-cf06c1d1292c/go.mod h1:RrAuT1kEkrErj2fmr4f3pPDoBF0ruFBhOSC1yORlv24=
github.com/sourcegraph/sourcegraph/enterprise/dev/ci/images v0.0.0-20210316023911-79b7780a76bf h1:nIw6lKWIOKW3/Ho4Hz8vSIg+sQkK2m6X0YSQ4snmGO8=
github.com/sourcegraph/sourcegraph/enterprise/dev/ci/images v0.0.0-20210316023911-79b7780a76bf/go.mod h1:RrAuT1kEkrErj2fmr4f3pPDoBF0ruFBhOSC1yORlv24=
github.com/sourcegraph/sourcegraph/enterprise/dev/ci/images v0.0.0-20210317010830-28126590bc59 h1:KZ8XB8l0Oz6Crz3tvpRd+aC0avvQLUhdJfPNy1Ov9gI=
github.com/sourcegraph/sourcegraph/enterprise/dev/ci/images v0.0.0-20210317010830-28126590bc59/go.mod h1:RrAuT1kEkrErj2fmr4f3pPDoBF0ruFBhOSC1yORlv24=
github.com/sourcegraph/sourcegraph/enterprise/dev/ci/images v0.0.0-20210318192939-21751566d524 h1:v0ka6LSPouxPGikEDh7EbcALN2xLCveyaiRxy0jkXgU=
github.com/sourcegraph/sourcegraph/enterprise/dev/ci/images v0.0.0-20210318192939-21751566d524/go.mod h1:RrAuT1kEkrErj2fmr4f3pPDoBF0ruFBhOSC1yORlv24=
github.com/sourcegraph/sourcegraph/enterprise/dev/ci/images v0.0.0-20210318231047-0babc177e8e7 h1:LkX0gNsAJyqKQ62dNLue/HwWyMGOWiaQQ7293lJM8xY=
github.com/sourcegraph/sourcegraph/enterprise/dev/ci/images v0.0.0-20210318231047-0babc177e8e7/go.mod h1:RrAuT1kEkrErj2fmr4f3pPDoBF0ruFBhOSC1yORlv24=
github.com/sourcegraph/sourcegraph/enterprise/dev/ci/images v0.0.0-20210319034615-68fc1479fbeb h1:2lIDWAGQfY0eP8P5u2OJJTlE0Ouvms53i/w5h92CbBY=
github.com/sourcegraph/sourcegraph/enterprise/dev/ci/images v0.0.0-20210319034615-68fc1479fbeb/go.mod h1:RrAuT1kEkrErj2fmr4f3pPDoBF0ruFBhOSC1yORlv24=
github.com/sourcegraph/sourcegraph/enterprise/dev/ci/images v0.0.0-20210319223710-380050ee9a9a h1:aSAz5PIQsnon94FRLeFrmBkq6KsBodHzrDrGH6QkgMU=
github.com/sourcegraph/sourcegraph/enterprise/dev/ci/images v0.0.0-20210319223710-380050ee9a9a/go.mod h1:RrAuT1kEkrErj2fmr4f3pPDoBF0ruFBhOSC1yORlv24=
github.com/sourcegraph/sourcegraph/enterprise/dev/ci/images v0.0.0-20210320052026-e9d0686be806 h1:fJ8l06dmd/LqtA6pCqezST1a+UISYcvBZvft4VtDRSo=
github.com/sourcegraph/sourcegraph/enterprise/dev/ci/images v0.0.0-20210320052026-e9d0686be806/go.mod h1:RrAuT1kEkrErj2fmr4f3pPDoBF0ruFBhOSC1yORlv24=
github.com/sourcegraph/sourcegraph/enterprise/dev/ci/images v0.0.0-20210320164027-be9f0f650349 h1:j4bWnz85Ab+ATHSQWH1lSElsvrWDE6PZeUgC1q+WQp0=
github.com/sourcegraph/sourcegraph/enterprise/dev/ci/images v0.0.0-20210320164027-be9f0f650349/go.mod h1:RrAuT1kEkrErj2fmr4f3pPDoBF0ruFBhOSC1yORlv24=
github.com/sourcegraph/sourcegraph/enterprise/dev/ci/images v0.0.0-20210320213405-e7ff25d930b1 h1:igY1L9GFh1QibBjfaqx6kf22BxFHL1EN6eeczvL1plk=
github.com/sourcegraph/sourcegraph/enterprise/dev/ci/images v0.0.0-20210320213405-e7ff25d930b1/go.mod h1:RrAuT1kEkrErj2fmr4f3pPDoBF0ruFBhOSC1yORlv24=
github.com/sourcegraph/sourcegraph/enterprise/dev/ci/images v0.0.0-20210321194921-238b3c53f839 h1:xg1GG849Q5EjWMAvxEyFJY4py7tqVQkd6bIQ5i5BTPs=
github.com/sourcegraph/sourcegraph/enterprise/dev/ci/images v0.0.0-20210321194921-238b3c53f839/go.mod h1:RrAuT1kEkrErj2fmr4f3pPDoBF0ruFBhOSC1yORlv24=
github.com/sourcegraph/sourcegraph/enterprise/dev/ci/images v0.0.0-20210322080728-c8dc78b3fe1a h1:h3y67o2t2ryxNYH9fTtdxDywaZYcGToUuwJx3Ivd+y8=
github.com/sourcegraph/sourcegraph/enterprise/dev/ci/images v0.0.0-20210322080728-c8dc78b3fe1a/go.mod h1:RrAuT1kEkrErj2fmr4f3pPDoBF0ruFBhOSC1yORlv24=
github.com/sourcegraph/sourcegraph/enterprise/dev/ci/images v0.0.0-20210322224113-b50a1fe27f63 h1:Zytduo1GLwUl1CUaKlLZkrTjOZYI80ixh9Z4Pvv6C6o=
github.com/sourcegraph/sourcegraph/enterprise/dev/ci/images v0.0.0-20210322224113-b50a1fe27f63/go.mod h1:RrAuT1kEkrErj2fmr4f3pPDoBF0ruFBhOSC1yORlv24=
github.com/sourcegraph/sourcegraph/enterprise/dev/ci/images v0.0.0-20210323035214-b53445961395 h1:fPGN8aTPgfvWOdXDAo02fVbmnv01zhsDmsjBxCrCgqQ=
github.com/sourcegraph/sourcegraph/enterprise/dev/ci/images v0.0.0-20210323035214-b53445961395/go.mod h1:RrAuT1kEkrErj2fmr4f3pPDoBF0ruFBhOSC1yORlv24=
github.com/sourcegraph/sourcegraph/enterprise/dev/ci/images v0.0.0-20210323120701-0b77fa0e36fb h1:yVbFRNshZLHt9rsb4iN0Kuvmpn/w+jaJyOKmQok2ePM=
github.com/sourcegraph/sourcegraph/enterprise/dev/ci/images v0.0.0-20210323120701-0b77fa0e36fb/go.mod h1:RrAuT1kEkrErj2fmr4f3pPDoBF0ruFBhOSC1yORlv24=
github.com/sourcegraph/sourcegraph/enterprise/dev/ci/images v0.0.0-20210323235555-6afadc4b8793 h1:yQTLT9Wg01OPP5K0YKTv5emZHaJ/x7T9awR7+KhdsPU=
github.com/sourcegraph/sourcegraph/enterprise/dev/ci/images v0.0.0-20210323235555-6afadc4b8793/go.mod h1:RrAuT1kEkrErj2fmr4f3pPDoBF0ruFBhOSC1yORlv24=
github.com/sourcegraph/sourcegraph/enterprise/dev/ci/images v0.0.0-20210325010052-2b8547874f2a h1:11mgrt73SchMbhVCDqE8egB1at+Z59cCO3Je/aJ7W4E=
github.com/sourcegraph/sourcegraph/enterprise/dev/ci/images v0.0.0-20210325010052-2b8547874f2a/go.mod h1:RrAuT1kEkrErj2fmr4f3pPDoBF0ruFBhOSC1yORlv24=
github.com/sourcegraph/sourcegraph/enterprise/dev/ci/images v0.0.0-20210326020301-d48cf327ea7b h1:WP+NdGViTEKa/1WWXnCsPBM6DQ7pXi7u7EFLtNR3AEE=
github.com/sourcegraph/sourcegraph/enterprise/dev/ci/images v0.0.0-20210326020301-d48cf327ea7b/go.mod h1:RrAuT1kEkrErj2fmr4f3pPDoBF0ruFBhOSC1yORlv24=
github.com/sourcegraph/sourcegraph/enterprise/dev/ci/images v0.0.0-20210326235517-17e00b63e61d h1:G32ZtQq/pDr68t6GFzUPgZopapI87xhUDYrULNi2hwk=
github.com/sourcegraph/sourcegraph/enterprise/dev/ci/images v0.0.0-20210326235517-17e00b63e61d/go.mod h1:RrAuT1kEkrErj2fmr4f3pPDoBF0ruFBhOSC1yORlv24=
github.com/sourcegraph/sourcegraph/enterprise/dev/ci/images v0.0.0-20210328090448-c338993fcf66 h1:Yce44JcVSauuHste+d4tjwpziB3RYt2gSwC+x+TJw5Y=
github.com/sourcegraph/sourcegraph/enterprise/dev/ci/images v0.0.0-20210328090448-c338993fcf66/go.mod h1:RrAuT1kEkrErj2fmr4f3pPDoBF0ruFBhOSC1yORlv24=
github.com/sourcegraph/sourcegraph/enterprise/dev/ci/images v0.0.0-20210330194548-b77d2e613b27 h1:BVXF5aF7ukF0rnY5sEgBcIKs7QgtbbooBDx1MRa9TOc=
github.com/sourcegraph/sourcegraph/enterprise/dev/ci/images v0.0.0-20210330194548-b77d2e613b27/go.mod h1:RrAuT1kEkrErj2fmr4f3pPDoBF0ruFBhOSC1yORlv24=
github.com/sourcegraph/sourcegraph/enterprise/dev/ci/images v0.0.0-20210331015659-17f609874003 h1:GlyGVFwMi+79b+DLJDZBbvJPW7l3bUSipVyvUysC+5c=
github.com/sourcegraph/sourcegraph/enterprise/dev/ci/images v0.0.0-20210331015659-17f609874003/go.mod h1:RrAuT1kEkrErj2fmr4f3pPDoBF0ruFBhOSC1yORlv24=
github.com/sourcegraph/sourcegraph/enterprise/dev/ci/images v0.0.0-20210331103345-2ed5672306e6 h1:Q5cuG9fK0K1Pv10Mc2N8o458hRS5q2Mmi99vZJz2Xs0=
github.com/sourcegraph/sourcegraph/enterprise/dev/ci/images v0.0.0-20210331103345-2ed5672306e6/go.mod h1:RrAuT1kEkrErj2fmr4f3pPDoBF0ruFBhOSC1yORlv24=
github.com/sourcegraph/sourcegraph/enterprise/dev/ci/images v0.0.0-20210331143011-30fea1c71bc7 h1:NdII3X2Em05gfPbe01GMTxbfq6R2BQC5Tk1eUXmYbWg=
github.com/sourcegraph/sourcegraph/enterprise/dev/ci/images v0.0.0-20210331143011-30fea1c71bc7/go.mod h1:RrAuT1kEkrErj2fmr4f3pPDoBF0ruFBhOSC1yORlv24=
github.com/sourcegraph/sourcegraph/enterprise/dev/ci/images v0.0.0-20210331234151-6d86c041d393 h1:nNSGeLC8Bt3rnQat8o9coW5ZFlc1NOpFTgORu3S6Eic=
github.com/sourcegraph/sourcegraph/enterprise/dev/ci/images v0.0.0-20210331234151-6d86c041d393/go.mod h1:RrAuT1kEkrErj2fmr4f3pPDoBF0ruFBhOSC1yORlv24=
github.com/sourcegraph/sourcegraph/enterprise/dev/ci/images v0.0.0-20210401120200-e7f26c0d7bc9 h1:vBMCO/c9o1ejrW+neybbVzBUUk95lYvbZSz6vTofUV8=
github.com/sourcegraph/sourcegraph/enterprise/dev/ci/images v0.0.0-20210401120200-e7f26c0d7bc9/go.mod h1:RrAuT1kEkrErj2fmr4f3pPDoBF0ruFBhOSC1yORlv24=
github.com/sourcegraph/sourcegraph/enterprise/dev/ci/images v0.0.0-20210401233744-36d58cc972ae h1:Ar4XQxYS1nXPqoY35CnVR67i6R9Niqla1HAULE28vy0=
github.com/sourcegraph/sourcegraph/enterprise/dev/ci/images v0.0.0-20210401233744-36d58cc972ae/go.mod h1:RrAuT1kEkrErj2fmr4f3pPDoBF0ruFBhOSC1yORlv24=
github.com/sourcegraph/sourcegraph/enterprise/dev/ci/images v0.0.0-20210402041124-b0dbf4ba0183 h1:U8kTvlxAccXEqvKtBsnrn922JL9a5KTNuU7XHWb/n9Q=
github.com/sourcegraph/sourcegraph/enterprise/dev/ci/images v0.0.0-20210402041124-b0dbf4ba0183/go.mod h1:RrAuT1kEkrErj2fmr4f3pPDoBF0ruFBhOSC1yORlv24=
github.com/sourcegraph/sourcegraph/enterprise/dev/ci/images v0.0.0-20210402081630-23e65d572112 h1:2WrvIKa2XaQm6Rt2QxOcwkOB18LP9xeP7RgO41a8Kl8=
github.com/sourcegraph/sourcegraph/enterprise/dev/ci/images v0.0.0-20210402081630-23e65d572112/go.mod h1:RrAuT1kEkrErj2fmr4f3pPDoBF0ruFBhOSC1yORlv24=
github.com/sourcegraph/sourcegraph/enterprise/dev/ci/images v0.0.0-20210402102446-aedb0a4d84f3 h1:8f3QjfMa4xEFjHjzsWemK9/xxaYAws3Y2eIntDP35DY=
github.com/sourcegraph/sourcegraph/enterprise/dev/ci/images v0.0.0-20210402102446-aedb0a4d84f3/go.mod h1:RrAuT1kEkrErj2fmr4f3pPDoBF0ruFBhOSC1yORlv24=
github.com/sourcegraph/sourcegraph/enterprise/dev/ci/images v0.0.0-20210402232527-8b6320aef598 h1:Kcl0rmyxTRVWPwOKvCRbmfQL4waopou6RFk8N9vbPCY=
github.com/sourcegraph/sourcegraph/enterprise/dev/ci/images v0.0.0-20210402232527-8b6320aef598/go.mod h1:RrAuT1kEkrErj2fmr4f3pPDoBF0ruFBhOSC1yORlv24=
github.com/sourcegraph/sourcegraph/enterprise/dev/ci/images v0.0.0-20210403010100-5ab2598a3ae9 h1:yNEXTCX7MrDAFpoDcGaXERYAkA3DtCxA/5iM/MB33es=
github.com/sourcegraph/sourcegraph/enterprise/dev/ci/images v0.0.0-20210403010100-5ab2598a3ae9/go.mod h1:RrAuT1kEkrErj2fmr4f3pPDoBF0ruFBhOSC1yORlv24=
github.com/sourcegraph/sourcegraph/enterprise/dev/ci/images v0.0.0-20210405104125-c5f414ac068d h1:/ebJWu57ed1uurLFsW5JgXVDmtP7dcdAMxeyxpRPRjo=
github.com/sourcegraph/sourcegraph/enterprise/dev/ci/images v0.0.0-20210405104125-c5f414ac068d/go.mod h1:RrAuT1kEkrErj2fmr4f3pPDoBF0ruFBhOSC1yORlv24=
github.com/sourcegraph/sourcegraph/enterprise/dev/ci/images v0.0.0-20210405114904-82639ebbec31 h1:jR9MlSsaS2yIa5aD/QFaJX3HMXDkBW870HFHoAkAq+0=
github.com/sourcegraph/sourcegraph/enterprise/dev/ci/images v0.0.0-20210405114904-82639ebbec31/go.mod h1:RrAuT1kEkrErj2fmr4f3pPDoBF0ruFBhOSC1yORlv24=
github.com/sourcegraph/sourcegraph/enterprise/dev/ci/images v0.0.0-20210405184301-fb08395bda1b h1:tbVJnhXDjZzF4vGUK2ySADLjQtx7AKQRbl4R+7+u3c0=
github.com/sourcegraph/sourcegraph/enterprise/dev/ci/images v0.0.0-20210405184301-fb08395bda1b/go.mod h1:RrAuT1kEkrErj2fmr4f3pPDoBF0ruFBhOSC1yORlv24=
github.com/sourcegraph/sourcegraph/enterprise/dev/ci/images v0.0.0-20210405230348-48a767da3976 h1:C8kuDOftxj1KxPQekUfgHxkQJ1rgbqlFaWAtHIxIjsM=
github.com/sourcegraph/sourcegraph/enterprise/dev/ci/images v0.0.0-20210405230348-48a767da3976/go.mod h1:RrAuT1kEkrErj2fmr4f3pPDoBF0ruFBhOSC1yORlv24=
github.com/sourcegraph/sourcegraph/enterprise/dev/ci/images v0.0.0-20210406193822-ad77440484c7 h1:vtptEqYGUrFn1QobJPCZRywQGgBy75sJdkdUam9rAxg=
github.com/sourcegraph/sourcegraph/enterprise/dev/ci/images v0.0.0-20210406193822-ad77440484c7/go.mod h1:RrAuT1kEkrErj2fmr4f3pPDoBF0ruFBhOSC1yORlv24=
github.com/sourcegraph/sourcegraph/enterprise/dev/ci/images v0.0.0-20210407075236-e863448757e0 h1:3IzkmfNc8hi6nTCz6keeXzCXc1C0wadYjwmRLblJGYg=
github.com/sourcegraph/sourcegraph/enterprise/dev/ci/images v0.0.0-20210407075236-e863448757e0/go.mod h1:RrAuT1kEkrErj2fmr4f3pPDoBF0ruFBhOSC1yORlv24=
github.com/sourcegraph/sourcegraph/enterprise/dev/ci/images v0.0.0-20210407124729-731357d220cd h1:otaT/6G9cGy5mdAGAsbPNG1mLeIz5sBb9expOAQrM5o=
github.com/sourcegraph/sourcegraph/enterprise/dev/ci/images v0.0.0-20210407124729-731357d220cd/go.mod h1:RrAuT1kEkrErj2fmr4f3pPDoBF0ruFBhOSC1yORlv24=
github.com/sourcegraph/sourcegraph/enterprise/dev/ci/images v0.0.0-20210408032933-13e44321f575 h1:ZhrwsQR5JIfqGfr8lOtoTsjkHUFgn01tR7a+vcFaVYo=
github.com/sourcegraph/sourcegraph/enterprise/dev/ci/images v0.0.0-20210408032933-13e44321f575/go.mod h1:RrAuT1kEkrErj2fmr4f3pPDoBF0ruFBhOSC1yORlv24=
github.com/sourcegraph/sourcegraph/enterprise/dev/ci/images v0.0.0-20210408092852-9951cb453ba4 h1:1qn38chPq85E8hraYEiFZxy+SrQ+gpSDs6G1c1+15dI=
github.com/sourcegraph/sourcegraph/enterprise/dev/ci/images v0.0.0-20210408092852-9951cb453ba4/go.mod h1:RrAuT1kEkrErj2fmr4f3pPDoBF0ruFBhOSC1yORlv24=
