github.com/Masterminds/semver/v3 v3.1.0 h1:Y2lUDsFKVRSYGojLJ1yLxSXdMmMYTYls0rCvoqmMUQk=
github.com/Masterminds/semver/v3 v3.1.0/go.mod h1:VPu/7SZ7ePZ3QOrcuXROw5FAcLl4a0cBrbBpGY/8hQs=
github.com/pkg/errors v0.9.1 h1:FEBLx1zS214owpjy7qsBeixbURkuhQAwrK5UwLGTwt4=
github.com/pkg/errors v0.9.1/go.mod h1:bwawxfHBFNV+L2hUp1rHADufV3IMtnDRdf1r5NINEl0=
github.com/sourcegraph/sourcegraph/enterprise/dev/ci/images v0.0.0-20210827082742-d97bba3dcd2c h1:U1398j9ciDq4UPqgng0OYVTiAmJe37uTHbafAHhFLCw=
github.com/sourcegraph/sourcegraph/enterprise/dev/ci/images v0.0.0-20210827082742-d97bba3dcd2c/go.mod h1:RrAuT1kEkrErj2fmr4f3pPDoBF0ruFBhOSC1yORlv24=
github.com/sourcegraph/sourcegraph/enterprise/dev/ci/images v0.0.0-20210827213247-867858b78eaa h1:PYjWpqlWRR7p/tIKeVHLoW1Gfzbk/LGuj5hlBhEPu4A=
github.com/sourcegraph/sourcegraph/enterprise/dev/ci/images v0.0.0-20210827213247-867858b78eaa/go.mod h1:RrAuT1kEkrErj2fmr4f3pPDoBF0ruFBhOSC1yORlv24=
github.com/sourcegraph/sourcegraph/enterprise/dev/ci/images v0.0.0-20210828015322-42d612b93506 h1:qSB9mrURQxwsL7v38aCv7S/CVDHtqs+9qp/xb5HKdEs=
github.com/sourcegraph/sourcegraph/enterprise/dev/ci/images v0.0.0-20210828015322-42d612b93506/go.mod h1:RrAuT1kEkrErj2fmr4f3pPDoBF0ruFBhOSC1yORlv24=
github.com/sourcegraph/sourcegraph/enterprise/dev/ci/images v0.0.0-20210830042115-774f8f7afbe1 h1:TjjIMKqIMHz18aaLM8SsREqQPM4zXtUE8+J90UCjv8c=
github.com/sourcegraph/sourcegraph/enterprise/dev/ci/images v0.0.0-20210830042115-774f8f7afbe1/go.mod h1:RrAuT1kEkrErj2fmr4f3pPDoBF0ruFBhOSC1yORlv24=
github.com/sourcegraph/sourcegraph/enterprise/dev/ci/images v0.0.0-20210830144241-f8c8c81f969f h1:Onv7tT/zs4QKMBSWpBmX4tv9nCoZmqahVrcycbOPWJM=
github.com/sourcegraph/sourcegraph/enterprise/dev/ci/images v0.0.0-20210830144241-f8c8c81f969f/go.mod h1:RrAuT1kEkrErj2fmr4f3pPDoBF0ruFBhOSC1yORlv24=
github.com/sourcegraph/sourcegraph/enterprise/dev/ci/images v0.0.0-20210831195949-7fcf7c4e5c17 h1:NE+fifdHq28jz7OmDsTzmFw71ZEzEeU9v7I7B1Xkzps=
github.com/sourcegraph/sourcegraph/enterprise/dev/ci/images v0.0.0-20210831195949-7fcf7c4e5c17/go.mod h1:RrAuT1kEkrErj2fmr4f3pPDoBF0ruFBhOSC1yORlv24=
github.com/sourcegraph/sourcegraph/enterprise/dev/ci/images v0.0.0-20210831231036-38dc36dbbcde h1:AozLMG7k9le3uIdpGqV1BfT0N8gPv4/XN06a+pKh8cQ=
github.com/sourcegraph/sourcegraph/enterprise/dev/ci/images v0.0.0-20210831231036-38dc36dbbcde/go.mod h1:RrAuT1kEkrErj2fmr4f3pPDoBF0ruFBhOSC1yORlv24=
github.com/sourcegraph/sourcegraph/enterprise/dev/ci/images v0.0.0-20210901105216-375f199584c1 h1:GrFhwC0iPEOCe7lX6lso/ytCGh7jiaydWuYw72oHme4=
github.com/sourcegraph/sourcegraph/enterprise/dev/ci/images v0.0.0-20210901105216-375f199584c1/go.mod h1:RrAuT1kEkrErj2fmr4f3pPDoBF0ruFBhOSC1yORlv24=
github.com/sourcegraph/sourcegraph/enterprise/dev/ci/images v0.0.0-20210902064053-83a1070bb609 h1:PR7RQqD0Jf8moBfOfzzB8reVBrC/osCLAe515vCApWA=
github.com/sourcegraph/sourcegraph/enterprise/dev/ci/images v0.0.0-20210902064053-83a1070bb609/go.mod h1:RrAuT1kEkrErj2fmr4f3pPDoBF0ruFBhOSC1yORlv24=
github.com/sourcegraph/sourcegraph/enterprise/dev/ci/images v0.0.0-20210902094529-a1243d655248 h1:NVQuFvIbaqZBvw/lMz4Zlq7yEb86Pmu5Xk8ZLJYt74A=
github.com/sourcegraph/sourcegraph/enterprise/dev/ci/images v0.0.0-20210902094529-a1243d655248/go.mod h1:RrAuT1kEkrErj2fmr4f3pPDoBF0ruFBhOSC1yORlv24=
github.com/sourcegraph/sourcegraph/enterprise/dev/ci/images v0.0.0-20210902111133-fe7f8922b97a h1:zzfIlPNc7gxmlmGEHKJp+r9WzIaE4vV2v5Ew/T+koUs=
github.com/sourcegraph/sourcegraph/enterprise/dev/ci/images v0.0.0-20210902111133-fe7f8922b97a/go.mod h1:RrAuT1kEkrErj2fmr4f3pPDoBF0ruFBhOSC1yORlv24=
github.com/sourcegraph/sourcegraph/enterprise/dev/ci/images v0.0.0-20210902171558-21b588c4f744 h1:LZwZKxKRl/guUytudgctO8pVhq3dcHFLNH0mzb+6HeA=
github.com/sourcegraph/sourcegraph/enterprise/dev/ci/images v0.0.0-20210902171558-21b588c4f744/go.mod h1:RrAuT1kEkrErj2fmr4f3pPDoBF0ruFBhOSC1yORlv24=
github.com/sourcegraph/update-docker-tags v0.8.0 h1:TlW1kptkWCT/va/+x1In3qBZGkRPLg/aL0b/feqBgII=
github.com/sourcegraph/update-docker-tags v0.8.0/go.mod h1:lCDsoUnk/ASDbm7UxE7tU3qAUhQxA7xykELHXcLeKFM=
