{
  "requires": true,
  "lockfileVersion": 1,
  "dependencies": {
    "@sourcegraph/prettierrc": {
      "version": "3.0.2",
      "resolved": "https://registry.npmjs.org/@sourcegraph/prettierrc/-/prettierrc-3.0.2.tgz",
      "integrity": "sha512-HCEKIIgOLap22yvnMcr+v6X/1LK6LuVd5MhGLxjYsb7irI2KNEQpalR5SKjsfYPawzVcgCPu1QsD0Oy4iGdPuA==",
      "dev": true
    },
    "prettier": {
      "version": "1.19.1",
      "resolved": "https://registry.npmjs.org/prettier/-/prettier-1.19.1.tgz",
      "integrity": "sha512-s7PoyDv/II1ObgQunCbB9PdLmUcBZcnWOcxDh7O0N/UwDEsHyqkW+Qh28jW+mVuCdx7gLB0BotYI1Y6uI9iyew==",
      "dev": true
    }
  }
}
