# THIS IS AN AUTOGENERATED FILE. DO NOT EDIT THIS FILE DIRECTLY.
# yarn lockfile v1


"@sourcegraph/prettierrc@3.0.3":
  version "3.0.3"
  resolved "https://registry.yarnpkg.com/@sourcegraph/prettierrc/-/prettierrc-3.0.3.tgz#51bfa9b2588fe35121593fa877143e6373028289"
  integrity sha512-FQ1/Ued4I02R0JkrHHofDN163juVxUnPALzfxPZrDZUHv+c3jHjfZhmTHEz+Wd+g3b7MFk0fkj36nZSnvPyU8A==

prettier@1.19.1:
  version "1.19.1"
  resolved "https://registry.yarnpkg.com/prettier/-/prettier-1.19.1.tgz#f7d7f5ff8a9cd872a7be4ca142095956a60797cb"
  integrity sha512-s7PoyDv/II1ObgQunCbB9PdLmUcBZcnWOcxDh7O0N/UwDEsHyqkW+Qh28jW+mVuCdx7gLB0BotYI1Y6uI9iyew==
