# THIS IS AN AUTOGENERATED FILE. DO NOT EDIT THIS FILE DIRECTLY.
# yarn lockfile v1


"@sourcegraph/prettierrc@3.0.2":
  version "3.0.2"
  resolved "https://registry.yarnpkg.com/@sourcegraph/prettierrc/-/prettierrc-3.0.2.tgz#a8fb80ed5712a59cd60eb62f0969090ebc386a80"
  integrity sha512-HCEKIIgOLap22yvnMcr+v6X/1LK6LuVd5MhGLxjYsb7irI2KNEQpalR5SKjsfYPawzVcgCPu1QsD0Oy4iGdPuA==

prettier@3.9.6:
  version "3.9.6"
  resolved "https://registry.yarnpkg.com/prettier/-/prettier-3.9.6.tgz#b3ea5146515d40fc53f18aa63f74dfab1e10dbf6"
  integrity sha512-OpN0zzVdiaiAhxpuuj5efpIS4sY9j7bY6uR5mnj5yPzGkdkjNKSJeUThPb60Jw29QuAZgA4o+/iB49kFiaBX6g==
